
Microsoft Visual Studio Solution File, Format Version 12.00
# Visual Studio 15
Project("{FAE04EC0-301F-11D3-BF4B-00C04F79EFBC}") = "Assembly-CSharp", "Assembly-CSharp.csproj", "{6FEA2B4D-40B4-4ACE-504B-3A2CDB15A5DA}"
EndProject
Project("{FAE04EC0-301F-11D3-BF4B-00C04F79EFBC}") = "Assembly-CSharp-Editor", "Assembly-CSharp-Editor.csproj", "{C7C1B099-28DF-CF54-734F-5DD52107510A}"
EndProject
Global
	GlobalSection(SolutionConfigurationPlatforms) = preSolution
		Debug|Any CPU = Debug|Any CPU
		Release|Any CPU = Release|Any CPU
	EndGlobalSection
	GlobalSection(ProjectConfigurationPlatforms) = postSolution
		{6FEA2B4D-40B4-4ACE-504B-3A2CDB15A5DA}.Debug|Any CPU.ActiveCfg = Debug|Any CPU
		{6FEA2B4D-40B4-4ACE-504B-3A2CDB15A5DA}.Debug|Any CPU.Build.0 = Debug|Any CPU
		{6FEA2B4D-40B4-4ACE-504B-3A2CDB15A5DA}.Release|Any CPU.ActiveCfg = Release|Any CPU
		{6FEA2B4D-40B4-4ACE-504B-3A2CDB15A5DA}.Release|Any CPU.Build.0 = Release|Any CPU
		{C7C1B099-28DF-CF54-734F-5DD52107510A}.Debug|Any CPU.ActiveCfg = Debug|Any CPU
		{C7C1B099-28DF-CF54-734F-5DD52107510A}.Debug|Any CPU.Build.0 = Debug|Any CPU
		{C7C1B099-28DF-CF54-734F-5DD52107510A}.Release|Any CPU.ActiveCfg = Release|Any CPU
		{C7C1B099-28DF-CF54-734F-5DD52107510A}.Release|Any CPU.Build.0 = Release|Any CPU
	EndGlobalSection
	GlobalSection(SolutionProperties) = preSolution
		HideSolutionNode = FALSE
	EndGlobalSection
EndGlobal
